# THIS IS AN AUTOGENERATED FILE. DO NOT EDIT THIS FILE DIRECTLY.
# yarn lockfile v1


"@types/aws-lambda@^0.0.14":
  version "0.0.14"
  resolved "https://registry.yarnpkg.com/@types/aws-lambda/-/aws-lambda-0.0.14.tgz#b4381490153ae4ee52c3ed18ef6e8dc776ed4403"

typescript@^2.4.1:
  version "2.4.1"
  resolved "https://registry.yarnpkg.com/typescript/-/typescript-2.4.1.tgz#c3ccb16ddaa0b2314de031e7e6fee89e5ba346bc"
